
Microsoft Visual Studio Solution File, Format Version 12.00
# Visual Studio Version 17
VisualStudioVersion = 17.6.33723.286
MinimumVisualStudioVersion = 10.0.40219.1
Project("{9A19103F-16F7-4668-BE54-9A1E7A4F7556}") = "SpeedBids.Web", "SpeedBids.Web\SpeedBids.Web.csproj", "{E0D393C0-A98A-4E3D-BE02-EACED17A8D53}"
EndProject
Project("{FAE04EC0-301F-11D3-BF4B-00C04F79EFBC}") = "SpeedBids.Data", "SpeedBids.Data\SpeedBids.Data.csproj", "{CD3E8962-FCB6-4EBF-966F-A530F879EC93}"
EndProject
Project("{FAE04EC0-301F-11D3-BF4B-00C04F79EFBC}") = "SpeedBids.Entities", "SpeedBids.Entities\SpeedBids.Entities.csproj", "{93EDB3B3-EEE0-4730-A5CA-C9D20EDB432D}"
EndProject
Global
	GlobalSection(SolutionConfigurationPlatforms) = preSolution
		Debug|Any CPU = Debug|Any CPU
		Release|Any CPU = Release|Any CPU
	EndGlobalSection
	GlobalSection(ProjectConfigurationPlatforms) = postSolution
		{E0D393C0-A98A-4E3D-BE02-EACED17A8D53}.Debug|Any CPU.ActiveCfg = Debug|Any CPU
		{E0D393C0-A98A-4E3D-BE02-EACED17A8D53}.Debug|Any CPU.Build.0 = Debug|Any CPU
		{E0D393C0-A98A-4E3D-BE02-EACED17A8D53}.Release|Any CPU.ActiveCfg = Release|Any CPU
		{E0D393C0-A98A-4E3D-BE02-EACED17A8D53}.Release|Any CPU.Build.0 = Release|Any CPU
		{CD3E8962-FCB6-4EBF-966F-A530F879EC93}.Debug|Any CPU.ActiveCfg = Debug|Any CPU
		{CD3E8962-FCB6-4EBF-966F-A530F879EC93}.Debug|Any CPU.Build.0 = Debug|Any CPU
		{CD3E8962-FCB6-4EBF-966F-A530F879EC93}.Release|Any CPU.ActiveCfg = Release|Any CPU
		{CD3E8962-FCB6-4EBF-966F-A530F879EC93}.Release|Any CPU.Build.0 = Release|Any CPU
		{93EDB3B3-EEE0-4730-A5CA-C9D20EDB432D}.Debug|Any CPU.ActiveCfg = Debug|Any CPU
		{93EDB3B3-EEE0-4730-A5CA-C9D20EDB432D}.Debug|Any CPU.Build.0 = Debug|Any CPU
		{93EDB3B3-EEE0-4730-A5CA-C9D20EDB432D}.Release|Any CPU.ActiveCfg = Release|Any CPU
		{93EDB3B3-EEE0-4730-A5CA-C9D20EDB432D}.Release|Any CPU.Build.0 = Release|Any CPU
	EndGlobalSection
	GlobalSection(SolutionProperties) = preSolution
		HideSolutionNode = FALSE
	EndGlobalSection
	GlobalSection(ExtensibilityGlobals) = postSolution
		SolutionGuid = {9FCCDAD8-7F0F-444C-8D8A-E630A9D943DD}
	EndGlobalSection
EndGlobal
